
Microsoft Visual Studio Solution File, Format Version 12.00
# Visual Studio Version 16
VisualStudioVersion = 16.0.29519.87
MinimumVisualStudioVersion = 10.0.40219.1
Project("{FAE04EC0-301F-11D3-BF4B-00C04F79EFBC}") = "Budget.Tracker.UI", "Budget.Tracker.UI\Budget.Tracker.UI.csproj", "{EE15248B-6A5A-48D3-A158-B2449286B19E}"
EndProject
Project("{FAE04EC0-301F-11D3-BF4B-00C04F79EFBC}") = "Budget.Tracker.Core", "Budget.Tracker.Core\Budget.Tracker.Core.csproj", "{FE0763D7-AF70-484C-93C0-B59E4A15E9F2}"
EndProject
Project("{FAE04EC0-301F-11D3-BF4B-00C04F79EFBC}") = "Budget.Tracker.InfraStructure", "Budget.Tracker.InfraStructure\Budget.Tracker.InfraStructure.csproj", "{383121D2-5536-4268-ABCB-142C7C0C9297}"
EndProject
Project("{FAE04EC0-301F-11D3-BF4B-00C04F79EFBC}") = "Budget.Tracker.Application", "Budget.Tracker.Application\Budget.Tracker.Application.csproj", "{8BC85DEE-70A5-4A3D-8C6D-5A0875A60F14}"
EndProject
Project("{FAE04EC0-301F-11D3-BF4B-00C04F79EFBC}") = "Budget.Tracker.Common", "Budget.Tracker.Common\Budget.Tracker.Common.csproj", "{9DF57EC1-5E90-4601-8AFE-EE4CB8300C7C}"
EndProject
Global
	GlobalSection(SolutionConfigurationPlatforms) = preSolution
		Debug|Any CPU = Debug|Any CPU
		Release|Any CPU = Release|Any CPU
	EndGlobalSection
	GlobalSection(ProjectConfigurationPlatforms) = postSolution
		{EE15248B-6A5A-48D3-A158-B2449286B19E}.Debug|Any CPU.ActiveCfg = Debug|Any CPU
		{EE15248B-6A5A-48D3-A158-B2449286B19E}.Debug|Any CPU.Build.0 = Debug|Any CPU
		{EE15248B-6A5A-48D3-A158-B2449286B19E}.Release|Any CPU.ActiveCfg = Release|Any CPU
		{EE15248B-6A5A-48D3-A158-B2449286B19E}.Release|Any CPU.Build.0 = Release|Any CPU
		{FE0763D7-AF70-484C-93C0-B59E4A15E9F2}.Debug|Any CPU.ActiveCfg = Debug|Any CPU
		{FE0763D7-AF70-484C-93C0-B59E4A15E9F2}.Debug|Any CPU.Build.0 = Debug|Any CPU
		{FE0763D7-AF70-484C-93C0-B59E4A15E9F2}.Release|Any CPU.ActiveCfg = Release|Any CPU
		{FE0763D7-AF70-484C-93C0-B59E4A15E9F2}.Release|Any CPU.Build.0 = Release|Any CPU
		{383121D2-5536-4268-ABCB-142C7C0C9297}.Debug|Any CPU.ActiveCfg = Debug|Any CPU
		{383121D2-5536-4268-ABCB-142C7C0C9297}.Debug|Any CPU.Build.0 = Debug|Any CPU
		{383121D2-5536-4268-ABCB-142C7C0C9297}.Release|Any CPU.ActiveCfg = Release|Any CPU
		{383121D2-5536-4268-ABCB-142C7C0C9297}.Release|Any CPU.Build.0 = Release|Any CPU
		{8BC85DEE-70A5-4A3D-8C6D-5A0875A60F14}.Debug|Any CPU.ActiveCfg = Debug|Any CPU
		{8BC85DEE-70A5-4A3D-8C6D-5A0875A60F14}.Debug|Any CPU.Build.0 = Debug|Any CPU
		{8BC85DEE-70A5-4A3D-8C6D-5A0875A60F14}.Release|Any CPU.ActiveCfg = Release|Any CPU
		{8BC85DEE-70A5-4A3D-8C6D-5A0875A60F14}.Release|Any CPU.Build.0 = Release|Any CPU
		{9DF57EC1-5E90-4601-8AFE-EE4CB8300C7C}.Debug|Any CPU.ActiveCfg = Debug|Any CPU
		{9DF57EC1-5E90-4601-8AFE-EE4CB8300C7C}.Debug|Any CPU.Build.0 = Debug|Any CPU
		{9DF57EC1-5E90-4601-8AFE-EE4CB8300C7C}.Release|Any CPU.ActiveCfg = Release|Any CPU
		{9DF57EC1-5E90-4601-8AFE-EE4CB8300C7C}.Release|Any CPU.Build.0 = Release|Any CPU
	EndGlobalSection
	GlobalSection(SolutionProperties) = preSolution
		HideSolutionNode = FALSE
	EndGlobalSection
	GlobalSection(ExtensibilityGlobals) = postSolution
		SolutionGuid = {62C76C33-7921-4D81-9025-D588AD67D3A8}
	EndGlobalSection
EndGlobal
